
Microsoft Visual Studio Solution File, Format Version 12.00
# Visual Studio 2012
Project("{FAE04EC0-301F-11D3-BF4B-00C04F79EFBC}") = "CamtasiaStudio", "CamtasiaStudio.csproj", "{205BE1C2-E5BF-46A7-9C16-022221233DB3}"
EndProject
Global
	GlobalSection(SolutionConfigurationPlatforms) = preSolution
		Debug|Any CPU = Debug|Any CPU
		Release|Any CPU = Release|Any CPU
	EndGlobalSection
	GlobalSection(ProjectConfigurationPlatforms) = postSolution
		{205BE1C2-E5BF-46A7-9C16-022221233DB3}.Debug|Any CPU.ActiveCfg = Debug|Any CPU
		{205BE1C2-E5BF-46A7-9C16-022221233DB3}.Debug|Any CPU.Build.0 = Debug|Any CPU
		{205BE1C2-E5BF-46A7-9C16-022221233DB3}.Release|Any CPU.ActiveCfg = Release|Any CPU
		{205BE1C2-E5BF-46A7-9C16-022221233DB3}.Release|Any CPU.Build.0 = Release|Any CPU
	EndGlobalSection
	GlobalSection(SolutionProperties) = preSolution
		HideSolutionNode = FALSE
	EndGlobalSection
EndGlobal
